// !$*UTF8*$!
{
	archiveVersion = 1;
	classes = {
	};
	objectVersion = 56;
	objects = {

/* Begin PBXBuildFile section */
		7658B57B29C79AAA0007D8DC /* iOSDropDown.framework in Frameworks */ = {isa = PBXBuildFile; fileRef = 7658B57A29C79AAA0007D8DC /* iOSDropDown.framework */; };
		76880AA429C1FBA8005B258C /* AppDelegate.swift in Sources */ = {isa = PBXBuildFile; fileRef = 76880AA329C1FBA8005B258C /* AppDelegate.swift */; };
		76880AA629C1FBA8005B258C /* SceneDelegate.swift in Sources */ = {isa = PBXBuildFile; fileRef = 76880AA529C1FBA8005B258C /* SceneDelegate.swift */; };
		76880AA829C1FBA8005B258C /* HomeScreen.swift in Sources */ = {isa = PBXBuildFile; fileRef = 76880AA729C1FBA8005B258C /* HomeScreen.swift */; };
		76880AAB29C1FBA8005B258C /* Main.storyboard in Resources */ = {isa = PBXBuildFile; fileRef = 76880AA929C1FBA8005B258C /* Main.storyboard */; };
		76880AAD29C1FBAA005B258C /* Assets.xcassets in Resources */ = {isa = PBXBuildFile; fileRef = 76880AAC29C1FBAA005B258C /* Assets.xcassets */; };
		76880AB029C1FBAA005B258C /* LaunchScreen.storyboard in Resources */ = {isa = PBXBuildFile; fileRef = 76880AAE29C1FBAA005B258C /* LaunchScreen.storyboard */; };
		76880AB929C1FC89005B258C /* UI Extensions.swift in Sources */ = {isa = PBXBuildFile; fileRef = 76880AB829C1FC89005B258C /* UI Extensions.swift */; };
		76880ABB29C20162005B258C /* OpenSans-VariableFont_wdth,wght.ttf in Resources */ = {isa = PBXBuildFile; fileRef = 76880ABA29C20161005B258C /* OpenSans-VariableFont_wdth,wght.ttf */; };
		76880ABD29C2305D005B258C /* ToDoTableViewCell.swift in Sources */ = {isa = PBXBuildFile; fileRef = 76880ABC29C2305D005B258C /* ToDoTableViewCell.swift */; };
		76880ABF29C2317B005B258C /* UserTask.swift in Sources */ = {isa = PBXBuildFile; fileRef = 76880ABE29C2317B005B258C /* UserTask.swift */; };
		76880AC129C46DA6005B258C /* AddTaskViewController.swift in Sources */ = {isa = PBXBuildFile; fileRef = 76880AC029C46DA6005B258C /* AddTaskViewController.swift */; };
		76880AC329C47D3F005B258C /* UserDefaultsKeys.swift in Sources */ = {isa = PBXBuildFile; fileRef = 76880AC229C47D3F005B258C /* UserDefaultsKeys.swift */; };
		B7F6CB6DAA2977BDB5B72CD8 /* Pods_To_Do_App.framework in Frameworks */ = {isa = PBXBuildFile; fileRef = C310BA7635D2D25738021407 /* Pods_To_Do_App.framework */; };
/* End PBXBuildFile section */

/* Begin PBXFileReference section */
		16A17EA174FF5AF4FDA73887 /* Pods-To Do App.release.xcconfig */ = {isa = PBXFileReference; includeInIndex = 1; lastKnownFileType = text.xcconfig; name = "Pods-To Do App.release.xcconfig"; path = "Target Support Files/Pods-To Do App/Pods-To Do App.release.xcconfig"; sourceTree = "<group>"; };
		7658B57A29C79AAA0007D8DC /* iOSDropDown.framework */ = {isa = PBXFileReference; explicitFileType = wrapper.framework; path = iOSDropDown.framework; sourceTree = BUILT_PRODUCTS_DIR; };
		76880AA029C1FBA8005B258C /* To Do App.app */ = {isa = PBXFileReference; explicitFileType = wrapper.application; includeInIndex = 0; path = "To Do App.app"; sourceTree = BUILT_PRODUCTS_DIR; };
		76880AA329C1FBA8005B258C /* AppDelegate.swift */ = {isa = PBXFileReference; lastKnownFileType = sourcecode.swift; path = AppDelegate.swift; sourceTree = "<group>"; };
		76880AA529C1FBA8005B258C /* SceneDelegate.swift */ = {isa = PBXFileReference; lastKnownFileType = sourcecode.swift; path = SceneDelegate.swift; sourceTree = "<group>"; };
		76880AA729C1FBA8005B258C /* HomeScreen.swift */ = {isa = PBXFileReference; lastKnownFileType = sourcecode.swift; path = HomeScreen.swift; sourceTree = "<group>"; };
		76880AAA29C1FBA8005B258C /* Base */ = {isa = PBXFileReference; lastKnownFileType = file.storyboard; name = Base; path = Base.lproj/Main.storyboard; sourceTree = "<group>"; };
		76880AAC29C1FBAA005B258C /* Assets.xcassets */ = {isa = PBXFileReference; lastKnownFileType = folder.assetcatalog; path = Assets.xcassets; sourceTree = "<group>"; };
		76880AAF29C1FBAA005B258C /* Base */ = {isa = PBXFileReference; lastKnownFileType = file.storyboard; name = Base; path = Base.lproj/LaunchScreen.storyboard; sourceTree = "<group>"; };
		76880AB129C1FBAA005B258C /* Info.plist */ = {isa = PBXFileReference; lastKnownFileType = text.plist.xml; path = Info.plist; sourceTree = "<group>"; };
		76880AB829C1FC89005B258C /* UI Extensions.swift */ = {isa = PBXFileReference; lastKnownFileType = sourcecode.swift; path = "UI Extensions.swift"; sourceTree = "<group>"; };
		76880ABA29C20161005B258C /* OpenSans-VariableFont_wdth,wght.ttf */ = {isa = PBXFileReference; lastKnownFileType = file; path = "OpenSans-VariableFont_wdth,wght.ttf"; sourceTree = "<group>"; };
		76880ABC29C2305D005B258C /* ToDoTableViewCell.swift */ = {isa = PBXFileReference; lastKnownFileType = sourcecode.swift; path = ToDoTableViewCell.swift; sourceTree = "<group>"; };
		76880ABE29C2317B005B258C /* UserTask.swift */ = {isa = PBXFileReference; lastKnownFileType = sourcecode.swift; path = UserTask.swift; sourceTree = "<group>"; };
		76880AC029C46DA6005B258C /* AddTaskViewController.swift */ = {isa = PBXFileReference; lastKnownFileType = sourcecode.swift; path = AddTaskViewController.swift; sourceTree = "<group>"; };
		76880AC229C47D3F005B258C /* UserDefaultsKeys.swift */ = {isa = PBXFileReference; lastKnownFileType = sourcecode.swift; path = UserDefaultsKeys.swift; sourceTree = "<group>"; };
		7FC5F6B67EDF053667837DFD /* Pods-To Do App.debug.xcconfig */ = {isa = PBXFileReference; includeInIndex = 1; lastKnownFileType = text.xcconfig; name = "Pods-To Do App.debug.xcconfig"; path = "Target Support Files/Pods-To Do App/Pods-To Do App.debug.xcconfig"; sourceTree = "<group>"; };
		C310BA7635D2D25738021407 /* Pods_To_Do_App.framework */ = {isa = PBXFileReference; explicitFileType = wrapper.framework; includeInIndex = 0; path = Pods_To_Do_App.framework; sourceTree = BUILT_PRODUCTS_DIR; };
/* End PBXFileReference section */

/* Begin PBXFrameworksBuildPhase section */
		76880A9D29C1FBA8005B258C /* Frameworks */ = {
			isa = PBXFrameworksBuildPhase;
			buildActionMask = 2147483647;
			files = (
				7658B57B29C79AAA0007D8DC /* iOSDropDown.framework in Frameworks */,
				B7F6CB6DAA2977BDB5B72CD8 /* Pods_To_Do_App.framework in Frameworks */,
			);
			runOnlyForDeploymentPostprocessing = 0;
		};
/* End PBXFrameworksBuildPhase section */

/* Begin PBXGroup section */
		2CC5D2992BAD66F8122FB8BE /* Pods */ = {
			isa = PBXGroup;
			children = (
				7FC5F6B67EDF053667837DFD /* Pods-To Do App.debug.xcconfig */,
				16A17EA174FF5AF4FDA73887 /* Pods-To Do App.release.xcconfig */,
			);
			path = Pods;
			sourceTree = "<group>";
		};
		76880A9729C1FBA8005B258C = {
			isa = PBXGroup;
			children = (
				76880AA229C1FBA8005B258C /* To Do App */,
				76880AA129C1FBA8005B258C /* Products */,
				2CC5D2992BAD66F8122FB8BE /* Pods */,
				F51331ADB352D37A4E01854E /* Frameworks */,
			);
			sourceTree = "<group>";
		};
		76880AA129C1FBA8005B258C /* Products */ = {
			isa = PBXGroup;
			children = (
				76880AA029C1FBA8005B258C /* To Do App.app */,
			);
			name = Products;
			sourceTree = "<group>";
		};
		76880AA229C1FBA8005B258C /* To Do App */ = {
			isa = PBXGroup;
			children = (
				76880AC729C47E09005B258C /* TableView */,
				76880AC629C47DEA005B258C /* Entity */,
				76880AC429C47DA3005B258C /* Screens */,
				76880AB729C1FC76005B258C /* Extensions */,
				76880AA929C1FBA8005B258C /* Main.storyboard */,
				76880AC529C47DCB005B258C /* Documents */,
				76880AAC29C1FBAA005B258C /* Assets.xcassets */,
				76880AAE29C1FBAA005B258C /* LaunchScreen.storyboard */,
				76880AB129C1FBAA005B258C /* Info.plist */,
				76880ABA29C20161005B258C /* OpenSans-VariableFont_wdth,wght.ttf */,
			);
			path = "To Do App";
			sourceTree = "<group>";
		};
		76880AB729C1FC76005B258C /* Extensions */ = {
			isa = PBXGroup;
			children = (
				76880AB829C1FC89005B258C /* UI Extensions.swift */,
			);
			path = Extensions;
			sourceTree = "<group>";
		};
		76880AC429C47DA3005B258C /* Screens */ = {
			isa = PBXGroup;
			children = (
				76880AA729C1FBA8005B258C /* HomeScreen.swift */,
				76880AC029C46DA6005B258C /* AddTaskViewController.swift */,
			);
			path = Screens;
			sourceTree = "<group>";
		};
		76880AC529C47DCB005B258C /* Documents */ = {
			isa = PBXGroup;
			children = (
				76880AA329C1FBA8005B258C /* AppDelegate.swift */,
				76880AA529C1FBA8005B258C /* SceneDelegate.swift */,
			);
			path = Documents;
			sourceTree = "<group>";
		};
		76880AC629C47DEA005B258C /* Entity */ = {
			isa = PBXGroup;
			children = (
				76880AC229C47D3F005B258C /* UserDefaultsKeys.swift */,
				76880ABE29C2317B005B258C /* UserTask.swift */,
			);
			path = Entity;
			sourceTree = "<group>";
		};
		76880AC729C47E09005B258C /* TableView */ = {
			isa = PBXGroup;
			children = (
				76880ABC29C2305D005B258C /* ToDoTableViewCell.swift */,
			);
			path = TableView;
			sourceTree = "<group>";
		};
		F51331ADB352D37A4E01854E /* Frameworks */ = {
			isa = PBXGroup;
			children = (
				7658B57A29C79AAA0007D8DC /* iOSDropDown.framework */,
				C310BA7635D2D25738021407 /* Pods_To_Do_App.framework */,
			);
			name = Frameworks;
			sourceTree = "<group>";
		};
/* End PBXGroup section */

/* Begin PBXNativeTarget section */
		76880A9F29C1FBA8005B258C /* To Do App */ = {
			isa = PBXNativeTarget;
			buildConfigurationList = 76880AB429C1FBAA005B258C /* Build configuration list for PBXNativeTarget "To Do App" */;
			buildPhases = (
				D47D8ABAD60CD12842590B49 /* [CP] Check Pods Manifest.lock */,
				76880A9C29C1FBA8005B258C /* Sources */,
				76880A9D29C1FBA8005B258C /* Frameworks */,
				76880A9E29C1FBA8005B258C /* Resources */,
				E3B041F02127C1AF945A9551 /* [CP] Embed Pods Frameworks */,
			);
			buildRules = (
			);
			dependencies = (
			);
			name = "To Do App";
			productName = "To Do App";
			productReference = 76880AA029C1FBA8005B258C /* To Do App.app */;
			productType = "com.apple.product-type.application";
		};
/* End PBXNativeTarget section */

/* Begin PBXProject section */
		76880A9829C1FBA8005B258C /* Project object */ = {
			isa = PBXProject;
			attributes = {
				BuildIndependentTargetsInParallel = 1;
				LastSwiftUpdateCheck = 1420;
				LastUpgradeCheck = 1420;
				TargetAttributes = {
					76880A9F29C1FBA8005B258C = {
						CreatedOnToolsVersion = 14.2;
					};
				};
			};
			buildConfigurationList = 76880A9B29C1FBA8005B258C /* Build configuration list for PBXProject "To Do App" */;
			compatibilityVersion = "Xcode 14.0";
			developmentRegion = en;
			hasScannedForEncodings = 0;
			knownRegions = (
				en,
				Base,
			);
			mainGroup = 76880A9729C1FBA8005B258C;
			productRefGroup = 76880AA129C1FBA8005B258C /* Products */;
			projectDirPath = "";
			projectRoot = "";
			targets = (
				76880A9F29C1FBA8005B258C /* To Do App */,
			);
		};
/* End PBXProject section */

/* Begin PBXResourcesBuildPhase section */
		76880A9E29C1FBA8005B258C /* Resources */ = {
			isa = PBXResourcesBuildPhase;
			buildActionMask = 2147483647;
			files = (
				76880ABB29C20162005B258C /* OpenSans-VariableFont_wdth,wght.ttf in Resources */,
				76880AB029C1FBAA005B258C /* LaunchScreen.storyboard in Resources */,
				76880AAD29C1FBAA005B258C /* Assets.xcassets in Resources */,
				76880AAB29C1FBA8005B258C /* Main.storyboard in Resources */,
			);
			runOnlyForDeploymentPostprocessing = 0;
		};
/* End PBXResourcesBuildPhase section */

/* Begin PBXShellScriptBuildPhase section */
		D47D8ABAD60CD12842590B49 /* [CP] Check Pods Manifest.lock */ = {
			isa = PBXShellScriptBuildPhase;
			buildActionMask = 2147483647;
			files = (
			);
			inputFileListPaths = (
			);
			inputPaths = (
				"${PODS_PODFILE_DIR_PATH}/Podfile.lock",
				"${PODS_ROOT}/Manifest.lock",
			);
			name = "[CP] Check Pods Manifest.lock";
			outputFileListPaths = (
			);
			outputPaths = (
				"$(DERIVED_FILE_DIR)/Pods-To Do App-checkManifestLockResult.txt",
			);
			runOnlyForDeploymentPostprocessing = 0;
			shellPath = /bin/sh;
			shellScript = "diff \"${PODS_PODFILE_DIR_PATH}/Podfile.lock\" \"${PODS_ROOT}/Manifest.lock\" > /dev/null\nif [ $? != 0 ] ; then\n    # print error to STDERR\n    echo \"error: The sandbox is not in sync with the Podfile.lock. Run 'pod install' or update your CocoaPods installation.\" >&2\n    exit 1\nfi\n# This output is used by Xcode 'outputs' to avoid re-running this script phase.\necho \"SUCCESS\" > \"${SCRIPT_OUTPUT_FILE_0}\"\n";
			showEnvVarsInLog = 0;
		};
		E3B041F02127C1AF945A9551 /* [CP] Embed Pods Frameworks */ = {
			isa = PBXShellScriptBuildPhase;
			buildActionMask = 2147483647;
			files = (
			);
			inputFileListPaths = (
				"${PODS_ROOT}/Target Support Files/Pods-To Do App/Pods-To Do App-frameworks-${CONFIGURATION}-input-files.xcfilelist",
			);
			name = "[CP] Embed Pods Frameworks";
			outputFileListPaths = (
				"${PODS_ROOT}/Target Support Files/Pods-To Do App/Pods-To Do App-frameworks-${CONFIGURATION}-output-files.xcfilelist",
			);
			runOnlyForDeploymentPostprocessing = 0;
			shellPath = /bin/sh;
			shellScript = "\"${PODS_ROOT}/Target Support Files/Pods-To Do App/Pods-To Do App-frameworks.sh\"\n";
			showEnvVarsInLog = 0;
		};
/* End PBXShellScriptBuildPhase section */

/* Begin PBXSourcesBuildPhase section */
		76880A9C29C1FBA8005B258C /* Sources */ = {
			isa = PBXSourcesBuildPhase;
			buildActionMask = 2147483647;
			files = (
				76880AB929C1FC89005B258C /* UI Extensions.swift in Sources */,
				76880AA829C1FBA8005B258C /* HomeScreen.swift in Sources */,
				76880AA429C1FBA8005B258C /* AppDelegate.swift in Sources */,
				76880AA629C1FBA8005B258C /* SceneDelegate.swift in Sources */,
				76880AC329C47D3F005B258C /* UserDefaultsKeys.swift in Sources */,
				76880ABF29C2317B005B258C /* UserTask.swift in Sources */,
				76880ABD29C2305D005B258C /* ToDoTableViewCell.swift in Sources */,
				76880AC129C46DA6005B258C /* AddTaskViewController.swift in Sources */,
			);
			runOnlyForDeploymentPostprocessing = 0;
		};
/* End PBXSourcesBuildPhase section */

/* Begin PBXVariantGroup section */
		76880AA929C1FBA8005B258C /* Main.storyboard */ = {
			isa = PBXVariantGroup;
			children = (
				76880AAA29C1FBA8005B258C /* Base */,
			);
			name = Main.storyboard;
			sourceTree = "<group>";
		};
		76880AAE29C1FBAA005B258C /* LaunchScreen.storyboard */ = {
			isa = PBXVariantGroup;
			children = (
				76880AAF29C1FBAA005B258C /* Base */,
			);
			name = LaunchScreen.storyboard;
			sourceTree = "<group>";
		};
/* End PBXVariantGroup section */

/* Begin XCBuildConfiguration section */
		76880AB229C1FBAA005B258C /* Debug */ = {
			isa = XCBuildConfiguration;
			buildSettings = {
				ALWAYS_SEARCH_USER_PATHS = NO;
				CLANG_ANALYZER_NONNULL = YES;
				CLANG_ANALYZER_NUMBER_OBJECT_CONVERSION = YES_AGGRESSIVE;
				CLANG_CXX_LANGUAGE_STANDARD = "gnu++20";
				CLANG_ENABLE_MODULES = YES;
				CLANG_ENABLE_OBJC_ARC = YES;
				CLANG_ENABLE_OBJC_WEAK = YES;
				CLANG_WARN_BLOCK_CAPTURE_AUTORELEASING = YES;
				CLANG_WARN_BOOL_CONVERSION = YES;
				CLANG_WARN_COMMA = YES;
				CLANG_WARN_CONSTANT_CONVERSION = YES;
				CLANG_WARN_DEPRECATED_OBJC_IMPLEMENTATIONS = YES;
				CLANG_WARN_DIRECT_OBJC_ISA_USAGE = YES_ERROR;
				CLANG_WARN_DOCUMENTATION_COMMENTS = YES;
				CLANG_WARN_EMPTY_BODY = YES;
				CLANG_WARN_ENUM_CONVERSION = YES;
				CLANG_WARN_INFINITE_RECURSION = YES;
				CLANG_WARN_INT_CONVERSION = YES;
				CLANG_WARN_NON_LITERAL_NULL_CONVERSION = YES;
				CLANG_WARN_OBJC_IMPLICIT_RETAIN_SELF = YES;
				CLANG_WARN_OBJC_LITERAL_CONVERSION = YES;
				CLANG_WARN_OBJC_ROOT_CLASS = YES_ERROR;
				CLANG_WARN_QUOTED_INCLUDE_IN_FRAMEWORK_HEADER = YES;
				CLANG_WARN_RANGE_LOOP_ANALYSIS = YES;
				CLANG_WARN_STRICT_PROTOTYPES = YES;
				CLANG_WARN_SUSPICIOUS_MOVE = YES;
				CLANG_WARN_UNGUARDED_AVAILABILITY = YES_AGGRESSIVE;
				CLANG_WARN_UNREACHABLE_CODE = YES;
				CLANG_WARN__DUPLICATE_METHOD_MATCH = YES;
				COPY_PHASE_STRIP = NO;
				DEBUG_INFORMATION_FORMAT = dwarf;
				ENABLE_STRICT_OBJC_MSGSEND = YES;
				ENABLE_TESTABILITY = YES;
				GCC_C_LANGUAGE_STANDARD = gnu11;
				GCC_DYNAMIC_NO_PIC = NO;
				GCC_NO_COMMON_BLOCKS = YES;
				GCC_OPTIMIZATION_LEVEL = 0;
				GCC_PREPROCESSOR_DEFINITIONS = (
					"DEBUG=1",
					"$(inherited)",
				);
				GCC_WARN_64_TO_32_BIT_CONVERSION = YES;
				GCC_WARN_ABOUT_RETURN_TYPE = YES_ERROR;
				GCC_WARN_UNDECLARED_SELECTOR = YES;
				GCC_WARN_UNINITIALIZED_AUTOS = YES_AGGRESSIVE;
				GCC_WARN_UNUSED_FUNCTION = YES;
				GCC_WARN_UNUSED_VARIABLE = YES;
				IPHONEOS_DEPLOYMENT_TARGET = 16.2;
				MTL_ENABLE_DEBUG_INFO = INCLUDE_SOURCE;
				MTL_FAST_MATH = YES;
				ONLY_ACTIVE_ARCH = YES;
				SDKROOT = iphoneos;
				SWIFT_ACTIVE_COMPILATION_CONDITIONS = DEBUG;
				SWIFT_OPTIMIZATION_LEVEL = "-Onone";
			};
			name = Debug;
		};
		76880AB329C1FBAA005B258C /* Release */ = {
			isa = XCBuildConfiguration;
			buildSettings = {
				ALWAYS_SEARCH_USER_PATHS = NO;
				CLANG_ANALYZER_NONNULL = YES;
				CLANG_ANALYZER_NUMBER_OBJECT_CONVERSION = YES_AGGRESSIVE;
				CLANG_CXX_LANGUAGE_STANDARD = "gnu++20";
				CLANG_ENABLE_MODULES = YES;
				CLANG_ENABLE_OBJC_ARC = YES;
				CLANG_ENABLE_OBJC_WEAK = YES;
				CLANG_WARN_BLOCK_CAPTURE_AUTORELEASING = YES;
				CLANG_WARN_BOOL_CONVERSION = YES;
				CLANG_WARN_COMMA = YES;
				CLANG_WARN_CONSTANT_CONVERSION = YES;
				CLANG_WARN_DEPRECATED_OBJC_IMPLEMENTATIONS = YES;
				CLANG_WARN_DIRECT_OBJC_ISA_USAGE = YES_ERROR;
				CLANG_WARN_DOCUMENTATION_COMMENTS = YES;
				CLANG_WARN_EMPTY_BODY = YES;
				CLANG_WARN_ENUM_CONVERSION = YES;
				CLANG_WARN_INFINITE_RECURSION = YES;
				CLANG_WARN_INT_CONVERSION = YES;
				CLANG_WARN_NON_LITERAL_NULL_CONVERSION = YES;
				CLANG_WARN_OBJC_IMPLICIT_RETAIN_SELF = YES;
				CLANG_WARN_OBJC_LITERAL_CONVERSION = YES;
				CLANG_WARN_OBJC_ROOT_CLASS = YES_ERROR;
				CLANG_WARN_QUOTED_INCLUDE_IN_FRAMEWORK_HEADER = YES;
				CLANG_WARN_RANGE_LOOP_ANALYSIS = YES;
				CLANG_WARN_STRICT_PROTOTYPES = YES;
				CLANG_WARN_SUSPICIOUS_MOVE = YES;
				CLANG_WARN_UNGUARDED_AVAILABILITY = YES_AGGRESSIVE;
				CLANG_WARN_UNREACHABLE_CODE = YES;
				CLANG_WARN__DUPLICATE_METHOD_MATCH = YES;
				COPY_PHASE_STRIP = NO;
				DEBUG_INFORMATION_FORMAT = "dwarf-with-dsym";
				ENABLE_NS_ASSERTIONS = NO;
				ENABLE_STRICT_OBJC_MSGSEND = YES;
				GCC_C_LANGUAGE_STANDARD = gnu11;
				GCC_NO_COMMON_BLOCKS = YES;
				GCC_WARN_64_TO_32_BIT_CONVERSION = YES;
				GCC_WARN_ABOUT_RETURN_TYPE = YES_ERROR;
				GCC_WARN_UNDECLARED_SELECTOR = YES;
				GCC_WARN_UNINITIALIZED_AUTOS = YES_AGGRESSIVE;
				GCC_WARN_UNUSED_FUNCTION = YES;
				GCC_WARN_UNUSED_VARIABLE = YES;
				IPHONEOS_DEPLOYMENT_TARGET = 16.2;
				MTL_ENABLE_DEBUG_INFO = NO;
				MTL_FAST_MATH = YES;
				SDKROOT = iphoneos;
				SWIFT_COMPILATION_MODE = wholemodule;
				SWIFT_OPTIMIZATION_LEVEL = "-O";
				VALIDATE_PRODUCT = YES;
			};
			name = Release;
		};
		76880AB529C1FBAA005B258C /* Debug */ = {
			isa = XCBuildConfiguration;
			baseConfigurationReference = 7FC5F6B67EDF053667837DFD /* Pods-To Do App.debug.xcconfig */;
			buildSettings = {
				ASSETCATALOG_COMPILER_APPICON_NAME = AppIcon;
				ASSETCATALOG_COMPILER_GLOBAL_ACCENT_COLOR_NAME = AccentColor;
				CODE_SIGN_STYLE = Automatic;
				CURRENT_PROJECT_VERSION = 1;
				DEVELOPMENT_TEAM = J7756LG4P3;
				GENERATE_INFOPLIST_FILE = YES;
				INFOPLIST_FILE = "To Do App/Info.plist";
				INFOPLIST_KEY_UIApplicationSupportsIndirectInputEvents = YES;
				INFOPLIST_KEY_UILaunchStoryboardName = LaunchScreen;
				INFOPLIST_KEY_UIMainStoryboardFile = Main;
				INFOPLIST_KEY_UISupportedInterfaceOrientations_iPad = "UIInterfaceOrientationPortrait UIInterfaceOrientationPortraitUpsideDown UIInterfaceOrientationLandscapeLeft UIInterfaceOrientationLandscapeRight";
				INFOPLIST_KEY_UISupportedInterfaceOrientations_iPhone = "UIInterfaceOrientationPortrait UIInterfaceOrientationLandscapeLeft UIInterfaceOrientationLandscapeRight";
				LD_RUNPATH_SEARCH_PATHS = (
					"$(inherited)",
					"@executable_path/Frameworks",
				);
				MARKETING_VERSION = 1.0;
				PRODUCT_BUNDLE_IDENTIFIER = "com.info.To-Do-App";
				PRODUCT_NAME = "$(TARGET_NAME)";
				SWIFT_EMIT_LOC_STRINGS = YES;
				SWIFT_VERSION = 5.0;
				TARGETED_DEVICE_FAMILY = "1,2";
			};
			name = Debug;
		};
		76880AB629C1FBAA005B258C /* Release */ = {
			isa = XCBuildConfiguration;
			baseConfigurationReference = 16A17EA174FF5AF4FDA73887 /* Pods-To Do App.release.xcconfig */;
			buildSettings = {
				ASSETCATALOG_COMPILER_APPICON_NAME = AppIcon;
				ASSETCATALOG_COMPILER_GLOBAL_ACCENT_COLOR_NAME = AccentColor;
				CODE_SIGN_STYLE = Automatic;
				CURRENT_PROJECT_VERSION = 1;
				DEVELOPMENT_TEAM = J7756LG4P3;
				GENERATE_INFOPLIST_FILE = YES;
				INFOPLIST_FILE = "To Do App/Info.plist";
				INFOPLIST_KEY_UIApplicationSupportsIndirectInputEvents = YES;
				INFOPLIST_KEY_UILaunchStoryboardName = LaunchScreen;
				INFOPLIST_KEY_UIMainStoryboardFile = Main;
				INFOPLIST_KEY_UISupportedInterfaceOrientations_iPad = "UIInterfaceOrientationPortrait UIInterfaceOrientationPortraitUpsideDown UIInterfaceOrientationLandscapeLeft UIInterfaceOrientationLandscapeRight";
				INFOPLIST_KEY_UISupportedInterfaceOrientations_iPhone = "UIInterfaceOrientationPortrait UIInterfaceOrientationLandscapeLeft UIInterfaceOrientationLandscapeRight";
				LD_RUNPATH_SEARCH_PATHS = (
					"$(inherited)",
					"@executable_path/Frameworks",
				);
				MARKETING_VERSION = 1.0;
				PRODUCT_BUNDLE_IDENTIFIER = "com.info.To-Do-App";
				PRODUCT_NAME = "$(TARGET_NAME)";
				SWIFT_EMIT_LOC_STRINGS = YES;
				SWIFT_VERSION = 5.0;
				TARGETED_DEVICE_FAMILY = "1,2";
			};
			name = Release;
		};
/* End XCBuildConfiguration section */

/* Begin XCConfigurationList section */
		76880A9B29C1FBA8005B258C /* Build configuration list for PBXProject "To Do App" */ = {
			isa = XCConfigurationList;
			buildConfigurations = (
				76880AB229C1FBAA005B258C /* Debug */,
				76880AB329C1FBAA005B258C /* Release */,
			);
			defaultConfigurationIsVisible = 0;
			defaultConfigurationName = Release;
		};
		76880AB429C1FBAA005B258C /* Build configuration list for PBXNativeTarget "To Do App" */ = {
			isa = XCConfigurationList;
			buildConfigurations = (
				76880AB529C1FBAA005B258C /* Debug */,
				76880AB629C1FBAA005B258C /* Release */,
			);
			defaultConfigurationIsVisible = 0;
			defaultConfigurationName = Release;
		};
/* End XCConfigurationList section */
	};
	rootObject = 76880A9829C1FBA8005B258C /* Project object */;
}
